
Microsoft Visual Studio Solution File, Format Version 12.00
# Visual Studio Version 16
VisualStudioVersion = 16.0.31729.503
MinimumVisualStudioVersion = 10.0.40219.1
Project("{FAE04EC0-301F-11D3-BF4B-00C04F79EFBC}") = "Entities", "Entity\Entities.csproj", "{7FF3B33D-42F6-4F5C-AAD5-CB089CDED739}"
EndProject
Project("{FAE04EC0-301F-11D3-BF4B-00C04F79EFBC}") = "DataAccess", "DataAccess\DataAccess.csproj", "{AC425063-2FFE-4CD5-A581-6BCAFE17EEAE}"
EndProject
Project("{FAE04EC0-301F-11D3-BF4B-00C04F79EFBC}") = "Business", "Business\Business.csproj", "{DF3FA3CE-3228-450C-8755-9D4B74082484}"
EndProject
Project("{FAE04EC0-301F-11D3-BF4B-00C04F79EFBC}") = "Core", "Core\Core.csproj", "{6376302F-03AC-4973-85F7-674C20557EA3}"
EndProject
Project("{FAE04EC0-301F-11D3-BF4B-00C04F79EFBC}") = "ConsoleUI", "ConsoleUI\ConsoleUI.csproj", "{C04C3E75-BF48-42B1-B8B6-CF9A4E14C84D}"
EndProject
Global
	GlobalSection(SolutionConfigurationPlatforms) = preSolution
		Debug|Any CPU = Debug|Any CPU
		Release|Any CPU = Release|Any CPU
	EndGlobalSection
	GlobalSection(ProjectConfigurationPlatforms) = postSolution
		{7FF3B33D-42F6-4F5C-AAD5-CB089CDED739}.Debug|Any CPU.ActiveCfg = Debug|Any CPU
		{7FF3B33D-42F6-4F5C-AAD5-CB089CDED739}.Debug|Any CPU.Build.0 = Debug|Any CPU
		{7FF3B33D-42F6-4F5C-AAD5-CB089CDED739}.Release|Any CPU.ActiveCfg = Release|Any CPU
		{7FF3B33D-42F6-4F5C-AAD5-CB089CDED739}.Release|Any CPU.Build.0 = Release|Any CPU
		{AC425063-2FFE-4CD5-A581-6BCAFE17EEAE}.Debug|Any CPU.ActiveCfg = Debug|Any CPU
		{AC425063-2FFE-4CD5-A581-6BCAFE17EEAE}.Debug|Any CPU.Build.0 = Debug|Any CPU
		{AC425063-2FFE-4CD5-A581-6BCAFE17EEAE}.Release|Any CPU.ActiveCfg = Release|Any CPU
		{AC425063-2FFE-4CD5-A581-6BCAFE17EEAE}.Release|Any CPU.Build.0 = Release|Any CPU
		{DF3FA3CE-3228-450C-8755-9D4B74082484}.Debug|Any CPU.ActiveCfg = Debug|Any CPU
		{DF3FA3CE-3228-450C-8755-9D4B74082484}.Debug|Any CPU.Build.0 = Debug|Any CPU
		{DF3FA3CE-3228-450C-8755-9D4B74082484}.Release|Any CPU.ActiveCfg = Release|Any CPU
		{DF3FA3CE-3228-450C-8755-9D4B74082484}.Release|Any CPU.Build.0 = Release|Any CPU
		{6376302F-03AC-4973-85F7-674C20557EA3}.Debug|Any CPU.ActiveCfg = Debug|Any CPU
		{6376302F-03AC-4973-85F7-674C20557EA3}.Debug|Any CPU.Build.0 = Debug|Any CPU
		{6376302F-03AC-4973-85F7-674C20557EA3}.Release|Any CPU.ActiveCfg = Release|Any CPU
		{6376302F-03AC-4973-85F7-674C20557EA3}.Release|Any CPU.Build.0 = Release|Any CPU
		{C04C3E75-BF48-42B1-B8B6-CF9A4E14C84D}.Debug|Any CPU.ActiveCfg = Debug|Any CPU
		{C04C3E75-BF48-42B1-B8B6-CF9A4E14C84D}.Debug|Any CPU.Build.0 = Debug|Any CPU
		{C04C3E75-BF48-42B1-B8B6-CF9A4E14C84D}.Release|Any CPU.ActiveCfg = Release|Any CPU
		{C04C3E75-BF48-42B1-B8B6-CF9A4E14C84D}.Release|Any CPU.Build.0 = Release|Any CPU
	EndGlobalSection
	GlobalSection(SolutionProperties) = preSolution
		HideSolutionNode = FALSE
	EndGlobalSection
	GlobalSection(ExtensibilityGlobals) = postSolution
		SolutionGuid = {2EBA2819-2525-4C76-9A5D-248C31ADC412}
	EndGlobalSection
EndGlobal
